
Microsoft Visual Studio Solution File, Format Version 12.00
# Visual Studio 2013
VisualStudioVersion = 12.0.21005.1
MinimumVisualStudioVersion = 10.0.40219.1
Project("{FAE04EC0-301F-11D3-BF4B-00C04F79EFBC}") = "BitmapEditor_Nhom_8", "BitmapEditor_Nhom_8\BitmapEditor_Nhom_8.csproj", "{5052AE05-F657-4ED9-9D75-B9337E07D510}"
EndProject
Global
	GlobalSection(SolutionConfigurationPlatforms) = preSolution
		Debug|Any CPU = Debug|Any CPU
		Release|Any CPU = Release|Any CPU
	EndGlobalSection
	GlobalSection(ProjectConfigurationPlatforms) = postSolution
		{5052AE05-F657-4ED9-9D75-B9337E07D510}.Debug|Any CPU.ActiveCfg = Debug|Any CPU
		{5052AE05-F657-4ED9-9D75-B9337E07D510}.Debug|Any CPU.Build.0 = Debug|Any CPU
		{5052AE05-F657-4ED9-9D75-B9337E07D510}.Release|Any CPU.ActiveCfg = Release|Any CPU
		{5052AE05-F657-4ED9-9D75-B9337E07D510}.Release|Any CPU.Build.0 = Release|Any CPU
	EndGlobalSection
	GlobalSection(SolutionProperties) = preSolution
		HideSolutionNode = FALSE
	EndGlobalSection
EndGlobal
